
Microsoft Visual Studio Solution File, Format Version 12.00
# Visual Studio Version 17
VisualStudioVersion = 17.4.33205.214
MinimumVisualStudioVersion = 10.0.40219.1
Project("{FAE04EC0-301F-11D3-BF4B-00C04F79EFBC}") = "Business", "Business\Business.csproj", "{060A02EA-125C-4118-BC06-DCD0765CB531}"
EndProject
Project("{FAE04EC0-301F-11D3-BF4B-00C04F79EFBC}") = "Core", "Core\Core.csproj", "{42ED6D47-44B8-4C94-9EBE-25CC5750A588}"
EndProject
Project("{FAE04EC0-301F-11D3-BF4B-00C04F79EFBC}") = "DataAccess", "DataAccess\DataAccess.csproj", "{841DEB3B-45AF-4216-8A41-858229D15D58}"
EndProject
Project("{FAE04EC0-301F-11D3-BF4B-00C04F79EFBC}") = "Entities", "Entities\Entities.csproj", "{E1BFFD7E-95CF-4BAB-BA5C-F2A9B10E3A8B}"
EndProject
Project("{FAE04EC0-301F-11D3-BF4B-00C04F79EFBC}") = "WebApi", "WebApi\WebApi.csproj", "{0C2BECA9-CE3C-4C02-B68D-1A58B714EF90}"
EndProject
Global
	GlobalSection(SolutionConfigurationPlatforms) = preSolution
		Debug|Any CPU = Debug|Any CPU
		Release|Any CPU = Release|Any CPU
	EndGlobalSection
	GlobalSection(ProjectConfigurationPlatforms) = postSolution
		{060A02EA-125C-4118-BC06-DCD0765CB531}.Debug|Any CPU.ActiveCfg = Debug|Any CPU
		{060A02EA-125C-4118-BC06-DCD0765CB531}.Debug|Any CPU.Build.0 = Debug|Any CPU
		{060A02EA-125C-4118-BC06-DCD0765CB531}.Release|Any CPU.ActiveCfg = Release|Any CPU
		{060A02EA-125C-4118-BC06-DCD0765CB531}.Release|Any CPU.Build.0 = Release|Any CPU
		{42ED6D47-44B8-4C94-9EBE-25CC5750A588}.Debug|Any CPU.ActiveCfg = Debug|Any CPU
		{42ED6D47-44B8-4C94-9EBE-25CC5750A588}.Debug|Any CPU.Build.0 = Debug|Any CPU
		{42ED6D47-44B8-4C94-9EBE-25CC5750A588}.Release|Any CPU.ActiveCfg = Release|Any CPU
		{42ED6D47-44B8-4C94-9EBE-25CC5750A588}.Release|Any CPU.Build.0 = Release|Any CPU
		{841DEB3B-45AF-4216-8A41-858229D15D58}.Debug|Any CPU.ActiveCfg = Debug|Any CPU
		{841DEB3B-45AF-4216-8A41-858229D15D58}.Debug|Any CPU.Build.0 = Debug|Any CPU
		{841DEB3B-45AF-4216-8A41-858229D15D58}.Release|Any CPU.ActiveCfg = Release|Any CPU
		{841DEB3B-45AF-4216-8A41-858229D15D58}.Release|Any CPU.Build.0 = Release|Any CPU
		{E1BFFD7E-95CF-4BAB-BA5C-F2A9B10E3A8B}.Debug|Any CPU.ActiveCfg = Debug|Any CPU
		{E1BFFD7E-95CF-4BAB-BA5C-F2A9B10E3A8B}.Debug|Any CPU.Build.0 = Debug|Any CPU
		{E1BFFD7E-95CF-4BAB-BA5C-F2A9B10E3A8B}.Release|Any CPU.ActiveCfg = Release|Any CPU
		{E1BFFD7E-95CF-4BAB-BA5C-F2A9B10E3A8B}.Release|Any CPU.Build.0 = Release|Any CPU
		{0C2BECA9-CE3C-4C02-B68D-1A58B714EF90}.Debug|Any CPU.ActiveCfg = Debug|Any CPU
		{0C2BECA9-CE3C-4C02-B68D-1A58B714EF90}.Debug|Any CPU.Build.0 = Debug|Any CPU
		{0C2BECA9-CE3C-4C02-B68D-1A58B714EF90}.Release|Any CPU.ActiveCfg = Release|Any CPU
		{0C2BECA9-CE3C-4C02-B68D-1A58B714EF90}.Release|Any CPU.Build.0 = Release|Any CPU
	EndGlobalSection
	GlobalSection(SolutionProperties) = preSolution
		HideSolutionNode = FALSE
	EndGlobalSection
	GlobalSection(ExtensibilityGlobals) = postSolution
		SolutionGuid = {14D65F06-E452-4126-92E0-35054D38A68A}
	EndGlobalSection
EndGlobal
